{
  "name": "portfoliable-repo",
  "version": "0.4.15",
  "lockfileVersion": 3,
  "requires": true,
  "packages": {
    "": {
      "name": "portfoliable-repo",
      "version": "0.4.15",
      "hasInstallScript": true,
      "license": "MIT",
      "bin": {
        "portfoliable": "cli/portfoliable.mjs"
      },
      "devDependencies": {},
      "engines": {
        "node": ">=18"
      },
      "funding": {
        "url": "https://github.com/sponsors/schimanko"
      }
    }
  }
}
